
Microsoft Visual Studio Solution File, Format Version 12.00
# Visual Studio Version 16
VisualStudioVersion = 16.0.33423.256
MinimumVisualStudioVersion = 10.0.40219.1
Project("{FAE04EC0-301F-11D3-BF4B-00C04F79EFBC}") = "MESAPI", "MESAPI\MESAPI.csproj", "{A2F8C5D3-8D98-4F5D-8EAD-FBBBB4A458AD}"
EndProject
Global
	GlobalSection(SolutionConfigurationPlatforms) = preSolution
		Debug|Any CPU = Debug|Any CPU
		Release|Any CPU = Release|Any CPU
	EndGlobalSection
	GlobalSection(ProjectConfigurationPlatforms) = postSolution
		{A2F8C5D3-8D98-4F5D-8EAD-FBBBB4A458AD}.Debug|Any CPU.ActiveCfg = Debug|Any CPU
		{A2F8C5D3-8D98-4F5D-8EAD-FBBBB4A458AD}.Debug|Any CPU.Build.0 = Debug|Any CPU
		{A2F8C5D3-8D98-4F5D-8EAD-FBBBB4A458AD}.Release|Any CPU.ActiveCfg = Release|Any CPU
		{A2F8C5D3-8D98-4F5D-8EAD-FBBBB4A458AD}.Release|Any CPU.Build.0 = Release|Any CPU
	EndGlobalSection
	GlobalSection(SolutionProperties) = preSolution
		HideSolutionNode = FALSE
	EndGlobalSection
	GlobalSection(ExtensibilityGlobals) = postSolution
		SolutionGuid = {9FD7E576-A429-4C4B-BB14-8B24D0453987}
	EndGlobalSection
	GlobalSection(TeamFoundationVersionControl) = preSolution
		SccNumberOfProjects = 2
		SccEnterpriseProvider = {4CA58AB2-18FA-4F8D-95D4-32DDF27D184C}
		SccTeamFoundationServer = https://deltatfs.deltaww.com/det_corp_it
		SccLocalPath0 = .
		SccProjectUniqueName1 = MESAPI\\MESAPI.csproj
		SccProjectName1 = MESAPI
		SccLocalPath1 = MESAPI
	EndGlobalSection
EndGlobal
